// !$*UTF8*$!
{
	archiveVersion = 1;
	classes = {
	};
	objectVersion = 46;
	objects = {

/* Begin PBXBuildFile section */
		3B17BD171F379D4F00F109D6 /* AppDelegate.swift in Sources */ = {isa = PBXBuildFile; fileRef = 3B17BD161F379D4F00F109D6 /* AppDelegate.swift */; };
		3B17BD1E1F379D4F00F109D6 /* Assets.xcassets in Resources */ = {isa = PBXBuildFile; fileRef = 3B17BD1D1F379D4F00F109D6 /* Assets.xcassets */; };
		3B7EDA081F3B72CF00C1E030 /* GoogleService-Info.plist in Resources */ = {isa = PBXBuildFile; fileRef = 3B7EDA071F3B72CF00C1E030 /* GoogleService-Info.plist */; };
		3B7EDAC81F40AD5B00C1E030 /* DataLayer.swift in Sources */ = {isa = PBXBuildFile; fileRef = 3B7EDABC1F40AD5B00C1E030 /* DataLayer.swift */; };
		3B7EDAC91F40AD5B00C1E030 /* DataModel.xcdatamodeld in Sources */ = {isa = PBXBuildFile; fileRef = 3B7EDABD1F40AD5B00C1E030 /* DataModel.xcdatamodeld */; };
		3B7EDACA1F40AD5B00C1E030 /* Task+extensions.swift in Sources */ = {isa = PBXBuildFile; fileRef = 3B7EDABF1F40AD5B00C1E030 /* Task+extensions.swift */; };
		3B7EDACB1F40AD5B00C1E030 /* TaskDTO.swift in Sources */ = {isa = PBXBuildFile; fileRef = 3B7EDAC11F40AD5B00C1E030 /* TaskDTO.swift */; };
		3B7EDACC1F40AD5B00C1E030 /* ModelLayer.swift in Sources */ = {isa = PBXBuildFile; fileRef = 3B7EDAC21F40AD5B00C1E030 /* ModelLayer.swift */; };
		3B7EDACD1F40AD5B00C1E030 /* NetworkLayer.swift in Sources */ = {isa = PBXBuildFile; fileRef = 3B7EDAC41F40AD5B00C1E030 /* NetworkLayer.swift */; };
		3B7EDACE1F40AD5B00C1E030 /* TaskTranslator.swift in Sources */ = {isa = PBXBuildFile; fileRef = 3B7EDAC61F40AD5B00C1E030 /* TaskTranslator.swift */; };
		3B7EDACF1F40AD5B00C1E030 /* TranslationLayer.swift in Sources */ = {isa = PBXBuildFile; fileRef = 3B7EDAC71F40AD5B00C1E030 /* TranslationLayer.swift */; };
		3B7EDAD21F40AD9D00C1E030 /* RootNavigationCoordinator.swift in Sources */ = {isa = PBXBuildFile; fileRef = 3B7EDAD11F40AD9D00C1E030 /* RootNavigationCoordinator.swift */; };
		3B7EDAD61F40ADB500C1E030 /* DependencyRegistry.swift in Sources */ = {isa = PBXBuildFile; fileRef = 3B7EDAD41F40ADB500C1E030 /* DependencyRegistry.swift */; };
		3B7EDAD71F40ADB500C1E030 /* SwinjectStoryboard+Extensions.swift in Sources */ = {isa = PBXBuildFile; fileRef = 3B7EDAD51F40ADB500C1E030 /* SwinjectStoryboard+Extensions.swift */; };
		3B7EDAF21F40ADDD00C1E030 /* ActionTableViewCell.swift in Sources */ = {isa = PBXBuildFile; fileRef = 3B7EDADD1F40ADDD00C1E030 /* ActionTableViewCell.swift */; };
		3B7EDAF31F40ADDD00C1E030 /* ActionTableViewCell.xib in Resources */ = {isa = PBXBuildFile; fileRef = 3B7EDADE1F40ADDD00C1E030 /* ActionTableViewCell.xib */; };
		3B7EDAF41F40ADDD00C1E030 /* ActionTableViewCellPresenter.swift in Sources */ = {isa = PBXBuildFile; fileRef = 3B7EDADF1F40ADDD00C1E030 /* ActionTableViewCellPresenter.swift */; };
		3B7EDAF51F40ADDD00C1E030 /* BodyTableViewController.swift in Sources */ = {isa = PBXBuildFile; fileRef = 3B7EDAE01F40ADDD00C1E030 /* BodyTableViewController.swift */; };
		3B7EDAF61F40ADDD00C1E030 /* BodyTableViewControllerPresenter.swift in Sources */ = {isa = PBXBuildFile; fileRef = 3B7EDAE11F40ADDD00C1E030 /* BodyTableViewControllerPresenter.swift */; };
		3B7EDAF71F40ADDD00C1E030 /* DetailViewController.swift in Sources */ = {isa = PBXBuildFile; fileRef = 3B7EDAE21F40ADDD00C1E030 /* DetailViewController.swift */; };
		3B7EDAF81F40ADDD00C1E030 /* DetailViewControllerPresenter.swift in Sources */ = {isa = PBXBuildFile; fileRef = 3B7EDAE31F40ADDD00C1E030 /* DetailViewControllerPresenter.swift */; };
		3B7EDAF91F40ADDD00C1E030 /* DetailViewControllerStub.swift in Sources */ = {isa = PBXBuildFile; fileRef = 3B7EDAE41F40ADDD00C1E030 /* DetailViewControllerStub.swift */; };
		3B7EDAFA1F40ADDD00C1E030 /* ProcessCollectionViewController.swift in Sources */ = {isa = PBXBuildFile; fileRef = 3B7EDAE61F40ADDD00C1E030 /* ProcessCollectionViewController.swift */; };
		3B7EDAFB1F40ADDD00C1E030 /* ProcessCollectionViewControllerPresenter.swift in Sources */ = {isa = PBXBuildFile; fileRef = 3B7EDAE71F40ADDD00C1E030 /* ProcessCollectionViewControllerPresenter.swift */; };
		3B7EDAFC1F40ADDD00C1E030 /* StepCollectionViewCell.swift in Sources */ = {isa = PBXBuildFile; fileRef = 3B7EDAE81F40ADDD00C1E030 /* StepCollectionViewCell.swift */; };
		3B7EDAFD1F40ADDD00C1E030 /* StepCollectionViewCell.xib in Resources */ = {isa = PBXBuildFile; fileRef = 3B7EDAE91F40ADDD00C1E030 /* StepCollectionViewCell.xib */; };
		3B7EDAFE1F40ADDD00C1E030 /* StepCollectionViewCellPresenter.swift in Sources */ = {isa = PBXBuildFile; fileRef = 3B7EDAEA1F40ADDD00C1E030 /* StepCollectionViewCellPresenter.swift */; };
		3B7EDAFF1F40ADDD00C1E030 /* CardTableViewCell.swift in Sources */ = {isa = PBXBuildFile; fileRef = 3B7EDAED1F40ADDD00C1E030 /* CardTableViewCell.swift */; };
		3B7EDB001F40ADDD00C1E030 /* CardTableViewCell.xib in Resources */ = {isa = PBXBuildFile; fileRef = 3B7EDAEE1F40ADDD00C1E030 /* CardTableViewCell.xib */; };
		3B7EDB011F40ADDD00C1E030 /* CardTableViewCellPresenter.swift in Sources */ = {isa = PBXBuildFile; fileRef = 3B7EDAEF1F40ADDD00C1E030 /* CardTableViewCellPresenter.swift */; };
		3B7EDB021F40ADDD00C1E030 /* FeedViewController.swift in Sources */ = {isa = PBXBuildFile; fileRef = 3B7EDAF01F40ADDD00C1E030 /* FeedViewController.swift */; };
		3B7EDB031F40ADDD00C1E030 /* FeedViewControllerPresenter.swift in Sources */ = {isa = PBXBuildFile; fileRef = 3B7EDAF11F40ADDD00C1E030 /* FeedViewControllerPresenter.swift */; };
		3B7EDB171F40ADF900C1E030 /* CGFloat+degreeToRad.swift in Sources */ = {isa = PBXBuildFile; fileRef = 3B7EDB061F40ADF900C1E030 /* CGFloat+degreeToRad.swift */; };
		3B7EDB181F40ADF900C1E030 /* Date+userFriendly.swift in Sources */ = {isa = PBXBuildFile; fileRef = 3B7EDB071F40ADF900C1E030 /* Date+userFriendly.swift */; };
		3B7EDB191F40ADF900C1E030 /* DirectionalGradient.swift in Sources */ = {isa = PBXBuildFile; fileRef = 3B7EDB081F40ADF900C1E030 /* DirectionalGradient.swift */; };
		3B7EDB1A1F40ADF900C1E030 /* String+maxElement.swift in Sources */ = {isa = PBXBuildFile; fileRef = 3B7EDB091F40ADF900C1E030 /* String+maxElement.swift */; };
		3B7EDB1B1F40ADF900C1E030 /* String+wordList.swift in Sources */ = {isa = PBXBuildFile; fileRef = 3B7EDB0A1F40ADF900C1E030 /* String+wordList.swift */; };
		3B7EDB1C1F40ADF900C1E030 /* UIColor+adjust.swift in Sources */ = {isa = PBXBuildFile; fileRef = 3B7EDB0B1F40ADF900C1E030 /* UIColor+adjust.swift */; };
		3B7EDB1D1F40ADF900C1E030 /* UIColor+appColors.swift in Sources */ = {isa = PBXBuildFile; fileRef = 3B7EDB0C1F40ADF900C1E030 /* UIColor+appColors.swift */; };
		3B7EDB1E1F40ADF900C1E030 /* UIImage+alpha.swift in Sources */ = {isa = PBXBuildFile; fileRef = 3B7EDB0D1F40ADF900C1E030 /* UIImage+alpha.swift */; };
		3B7EDB1F1F40ADF900C1E030 /* UIImage+base64.swift in Sources */ = {isa = PBXBuildFile; fileRef = 3B7EDB0E1F40ADF900C1E030 /* UIImage+base64.swift */; };
		3B7EDB201F40ADF900C1E030 /* UISearchBar+fontAndColor.swift in Sources */ = {isa = PBXBuildFile; fileRef = 3B7EDB0F1F40ADF900C1E030 /* UISearchBar+fontAndColor.swift */; };
		3B7EDB211F40ADF900C1E030 /* UIStoryboard+extensions.swift in Sources */ = {isa = PBXBuildFile; fileRef = 3B7EDB101F40ADF900C1E030 /* UIStoryboard+extensions.swift */; };
		3B7EDB221F40ADF900C1E030 /* UIView+cornerRadius.swift in Sources */ = {isa = PBXBuildFile; fileRef = 3B7EDB111F40ADF900C1E030 /* UIView+cornerRadius.swift */; };
		3B7EDB241F40ADF900C1E030 /* UIView+anchors.swift in Sources */ = {isa = PBXBuildFile; fileRef = 3B7EDB131F40ADF900C1E030 /* UIView+anchors.swift */; };
		3B7EDB251F40ADF900C1E030 /* UIView+fadeInOut.swift in Sources */ = {isa = PBXBuildFile; fileRef = 3B7EDB141F40ADF900C1E030 /* UIView+fadeInOut.swift */; };
		3B7EDB261F40ADF900C1E030 /* UIView+fromNib.swift in Sources */ = {isa = PBXBuildFile; fileRef = 3B7EDB151F40ADF900C1E030 /* UIView+fromNib.swift */; };
		3B7EDB271F40ADF900C1E030 /* UIView+roundCorners.swift in Sources */ = {isa = PBXBuildFile; fileRef = 3B7EDB161F40ADF900C1E030 /* UIView+roundCorners.swift */; };
		3B7EDB2A1F40AF5800C1E030 /* LaunchScreen.storyboard in Resources */ = {isa = PBXBuildFile; fileRef = 3B7EDB281F40AF5800C1E030 /* LaunchScreen.storyboard */; };
		3B7EDB2B1F40AF5800C1E030 /* Main.storyboard in Resources */ = {isa = PBXBuildFile; fileRef = 3B7EDB291F40AF5800C1E030 /* Main.storyboard */; };
		3B7EDB2D1F40B06000C1E030 /* UIView+shake.swift in Sources */ = {isa = PBXBuildFile; fileRef = 3B7EDB2C1F40B06000C1E030 /* UIView+shake.swift */; };
		3B7EDB311F40B0B000C1E030 /* UILabel+flexibleWidth.swift in Sources */ = {isa = PBXBuildFile; fileRef = 3B7EDB301F40B0B000C1E030 /* UILabel+flexibleWidth.swift */; };
		3B7EDB331F40B0CC00C1E030 /* String+isNilOrEmpty.swift in Sources */ = {isa = PBXBuildFile; fileRef = 3B7EDB321F40B0CC00C1E030 /* String+isNilOrEmpty.swift */; };
		3B7EDB541F40B94200C1E030 /* Guides.Colors.swift in Sources */ = {isa = PBXBuildFile; fileRef = 3B7EDB4A1F40B94200C1E030 /* Guides.Colors.swift */; };
		3B7EDB551F40B94200C1E030 /* Guides.swift in Sources */ = {isa = PBXBuildFile; fileRef = 3B7EDB4B1F40B94200C1E030 /* Guides.swift */; };
		3B7EDB561F40B94200C1E030 /* Guides.Shadows.swift in Sources */ = {isa = PBXBuildFile; fileRef = 3B7EDB4D1F40B94200C1E030 /* Guides.Shadows.swift */; };
		3B7EDB571F40B94200C1E030 /* Guides.TextStyles.swift in Sources */ = {isa = PBXBuildFile; fileRef = 3B7EDB4F1F40B94200C1E030 /* Guides.TextStyles.swift */; };
		3B7EDB581F40B94200C1E030 /* Guides.Shadows.Tools.swift in Sources */ = {isa = PBXBuildFile; fileRef = 3B7EDB511F40B94200C1E030 /* Guides.Shadows.Tools.swift */; };
		3B7EDB591F40B94200C1E030 /* Guides.TextStyles.Tools.swift in Sources */ = {isa = PBXBuildFile; fileRef = 3B7EDB521F40B94200C1E030 /* Guides.TextStyles.Tools.swift */; };
		3B7EDB5F1F40DE0600C1E030 /* Guides.Fonts.swift in Sources */ = {isa = PBXBuildFile; fileRef = 3B7EDB5E1F40DE0600C1E030 /* Guides.Fonts.swift */; };
		E995DD533684219EEA432F67 /* Pods_Gestalt.framework in Frameworks */ = {isa = PBXBuildFile; fileRef = E06F7376B5E937BD0B142997 /* Pods_Gestalt.framework */; };
/* End PBXBuildFile section */

/* Begin PBXFileReference section */
		3B17BD131F379D4F00F109D6 /* Gestalt.app */ = {isa = PBXFileReference; explicitFileType = wrapper.application; includeInIndex = 0; path = Gestalt.app; sourceTree = BUILT_PRODUCTS_DIR; };
		3B17BD161F379D4F00F109D6 /* AppDelegate.swift */ = {isa = PBXFileReference; lastKnownFileType = sourcecode.swift; path = AppDelegate.swift; sourceTree = "<group>"; };
		3B17BD1D1F379D4F00F109D6 /* Assets.xcassets */ = {isa = PBXFileReference; lastKnownFileType = folder.assetcatalog; path = Assets.xcassets; sourceTree = "<group>"; };
		3B17BD221F379D4F00F109D6 /* Info.plist */ = {isa = PBXFileReference; lastKnownFileType = text.plist.xml; path = Info.plist; sourceTree = "<group>"; };
		3B7EDA071F3B72CF00C1E030 /* GoogleService-Info.plist */ = {isa = PBXFileReference; fileEncoding = 4; lastKnownFileType = text.plist.xml; path = "GoogleService-Info.plist"; sourceTree = "<group>"; };
		3B7EDA091F3B7B7200C1E030 /* Gestalt. ToDo.txt */ = {isa = PBXFileReference; lastKnownFileType = text; name = "Gestalt. ToDo.txt"; path = "../../../Library/Mobile Documents/27N4MQEA55~pro~writer/Documents/Gestalt. ToDo.txt"; sourceTree = "<group>"; };
		3B7EDABC1F40AD5B00C1E030 /* DataLayer.swift */ = {isa = PBXFileReference; fileEncoding = 4; lastKnownFileType = sourcecode.swift; path = DataLayer.swift; sourceTree = "<group>"; };
		3B7EDABE1F40AD5B00C1E030 /* DataModel.xcdatamodel */ = {isa = PBXFileReference; lastKnownFileType = wrapper.xcdatamodel; path = DataModel.xcdatamodel; sourceTree = "<group>"; };
		3B7EDABF1F40AD5B00C1E030 /* Task+extensions.swift */ = {isa = PBXFileReference; fileEncoding = 4; lastKnownFileType = sourcecode.swift; path = "Task+extensions.swift"; sourceTree = "<group>"; };
		3B7EDAC11F40AD5B00C1E030 /* TaskDTO.swift */ = {isa = PBXFileReference; fileEncoding = 4; lastKnownFileType = sourcecode.swift; path = TaskDTO.swift; sourceTree = "<group>"; };
		3B7EDAC21F40AD5B00C1E030 /* ModelLayer.swift */ = {isa = PBXFileReference; fileEncoding = 4; lastKnownFileType = sourcecode.swift; path = ModelLayer.swift; sourceTree = "<group>"; };
		3B7EDAC41F40AD5B00C1E030 /* NetworkLayer.swift */ = {isa = PBXFileReference; fileEncoding = 4; lastKnownFileType = sourcecode.swift; path = NetworkLayer.swift; sourceTree = "<group>"; };
		3B7EDAC61F40AD5B00C1E030 /* TaskTranslator.swift */ = {isa = PBXFileReference; fileEncoding = 4; lastKnownFileType = sourcecode.swift; path = TaskTranslator.swift; sourceTree = "<group>"; };
		3B7EDAC71F40AD5B00C1E030 /* TranslationLayer.swift */ = {isa = PBXFileReference; fileEncoding = 4; lastKnownFileType = sourcecode.swift; path = TranslationLayer.swift; sourceTree = "<group>"; };
		3B7EDAD11F40AD9D00C1E030 /* RootNavigationCoordinator.swift */ = {isa = PBXFileReference; fileEncoding = 4; lastKnownFileType = sourcecode.swift; path = RootNavigationCoordinator.swift; sourceTree = "<group>"; };
		3B7EDAD41F40ADB500C1E030 /* DependencyRegistry.swift */ = {isa = PBXFileReference; fileEncoding = 4; lastKnownFileType = sourcecode.swift; path = DependencyRegistry.swift; sourceTree = "<group>"; };
		3B7EDAD51F40ADB500C1E030 /* SwinjectStoryboard+Extensions.swift */ = {isa = PBXFileReference; fileEncoding = 4; lastKnownFileType = sourcecode.swift; path = "SwinjectStoryboard+Extensions.swift"; sourceTree = "<group>"; };
		3B7EDADD1F40ADDD00C1E030 /* ActionTableViewCell.swift */ = {isa = PBXFileReference; fileEncoding = 4; lastKnownFileType = sourcecode.swift; path = ActionTableViewCell.swift; sourceTree = "<group>"; };
		3B7EDADE1F40ADDD00C1E030 /* ActionTableViewCell.xib */ = {isa = PBXFileReference; fileEncoding = 4; lastKnownFileType = file.xib; path = ActionTableViewCell.xib; sourceTree = "<group>"; };
		3B7EDADF1F40ADDD00C1E030 /* ActionTableViewCellPresenter.swift */ = {isa = PBXFileReference; fileEncoding = 4; lastKnownFileType = sourcecode.swift; path = ActionTableViewCellPresenter.swift; sourceTree = "<group>"; };
		3B7EDAE01F40ADDD00C1E030 /* BodyTableViewController.swift */ = {isa = PBXFileReference; fileEncoding = 4; lastKnownFileType = sourcecode.swift; path = BodyTableViewController.swift; sourceTree = "<group>"; };
		3B7EDAE11F40ADDD00C1E030 /* BodyTableViewControllerPresenter.swift */ = {isa = PBXFileReference; fileEncoding = 4; lastKnownFileType = sourcecode.swift; path = BodyTableViewControllerPresenter.swift; sourceTree = "<group>"; };
		3B7EDAE21F40ADDD00C1E030 /* DetailViewController.swift */ = {isa = PBXFileReference; fileEncoding = 4; lastKnownFileType = sourcecode.swift; path = DetailViewController.swift; sourceTree = "<group>"; };
		3B7EDAE31F40ADDD00C1E030 /* DetailViewControllerPresenter.swift */ = {isa = PBXFileReference; fileEncoding = 4; lastKnownFileType = sourcecode.swift; path = DetailViewControllerPresenter.swift; sourceTree = "<group>"; };
		3B7EDAE41F40ADDD00C1E030 /* DetailViewControllerStub.swift */ = {isa = PBXFileReference; fileEncoding = 4; lastKnownFileType = sourcecode.swift; path = DetailViewControllerStub.swift; sourceTree = "<group>"; };
		3B7EDAE61F40ADDD00C1E030 /* ProcessCollectionViewController.swift */ = {isa = PBXFileReference; fileEncoding = 4; lastKnownFileType = sourcecode.swift; path = ProcessCollectionViewController.swift; sourceTree = "<group>"; };
		3B7EDAE71F40ADDD00C1E030 /* ProcessCollectionViewControllerPresenter.swift */ = {isa = PBXFileReference; fileEncoding = 4; lastKnownFileType = sourcecode.swift; path = ProcessCollectionViewControllerPresenter.swift; sourceTree = "<group>"; };
		3B7EDAE81F40ADDD00C1E030 /* StepCollectionViewCell.swift */ = {isa = PBXFileReference; fileEncoding = 4; lastKnownFileType = sourcecode.swift; path = StepCollectionViewCell.swift; sourceTree = "<group>"; };
		3B7EDAE91F40ADDD00C1E030 /* StepCollectionViewCell.xib */ = {isa = PBXFileReference; fileEncoding = 4; lastKnownFileType = file.xib; path = StepCollectionViewCell.xib; sourceTree = "<group>"; };
		3B7EDAEA1F40ADDD00C1E030 /* StepCollectionViewCellPresenter.swift */ = {isa = PBXFileReference; fileEncoding = 4; lastKnownFileType = sourcecode.swift; path = StepCollectionViewCellPresenter.swift; sourceTree = "<group>"; };
		3B7EDAED1F40ADDD00C1E030 /* CardTableViewCell.swift */ = {isa = PBXFileReference; fileEncoding = 4; lastKnownFileType = sourcecode.swift; path = CardTableViewCell.swift; sourceTree = "<group>"; };
		3B7EDAEE1F40ADDD00C1E030 /* CardTableViewCell.xib */ = {isa = PBXFileReference; fileEncoding = 4; lastKnownFileType = file.xib; path = CardTableViewCell.xib; sourceTree = "<group>"; };
		3B7EDAEF1F40ADDD00C1E030 /* CardTableViewCellPresenter.swift */ = {isa = PBXFileReference; fileEncoding = 4; lastKnownFileType = sourcecode.swift; path = CardTableViewCellPresenter.swift; sourceTree = "<group>"; };
		3B7EDAF01F40ADDD00C1E030 /* FeedViewController.swift */ = {isa = PBXFileReference; fileEncoding = 4; lastKnownFileType = sourcecode.swift; path = FeedViewController.swift; sourceTree = "<group>"; };
		3B7EDAF11F40ADDD00C1E030 /* FeedViewControllerPresenter.swift */ = {isa = PBXFileReference; fileEncoding = 4; lastKnownFileType = sourcecode.swift; path = FeedViewControllerPresenter.swift; sourceTree = "<group>"; };
		3B7EDB061F40ADF900C1E030 /* CGFloat+degreeToRad.swift */ = {isa = PBXFileReference; fileEncoding = 4; lastKnownFileType = sourcecode.swift; path = "CGFloat+degreeToRad.swift"; sourceTree = "<group>"; };
		3B7EDB071F40ADF900C1E030 /* Date+userFriendly.swift */ = {isa = PBXFileReference; fileEncoding = 4; lastKnownFileType = sourcecode.swift; path = "Date+userFriendly.swift"; sourceTree = "<group>"; };
		3B7EDB081F40ADF900C1E030 /* DirectionalGradient.swift */ = {isa = PBXFileReference; fileEncoding = 4; lastKnownFileType = sourcecode.swift; path = DirectionalGradient.swift; sourceTree = "<group>"; };
		3B7EDB091F40ADF900C1E030 /* String+maxElement.swift */ = {isa = PBXFileReference; fileEncoding = 4; lastKnownFileType = sourcecode.swift; path = "String+maxElement.swift"; sourceTree = "<group>"; };
		3B7EDB0A1F40ADF900C1E030 /* String+wordList.swift */ = {isa = PBXFileReference; fileEncoding = 4; lastKnownFileType = sourcecode.swift; path = "String+wordList.swift"; sourceTree = "<group>"; };
		3B7EDB0B1F40ADF900C1E030 /* UIColor+adjust.swift */ = {isa = PBXFileReference; fileEncoding = 4; lastKnownFileType = sourcecode.swift; path = "UIColor+adjust.swift"; sourceTree = "<group>"; };
		3B7EDB0C1F40ADF900C1E030 /* UIColor+appColors.swift */ = {isa = PBXFileReference; fileEncoding = 4; lastKnownFileType = sourcecode.swift; path = "UIColor+appColors.swift"; sourceTree = "<group>"; };
		3B7EDB0D1F40ADF900C1E030 /* UIImage+alpha.swift */ = {isa = PBXFileReference; fileEncoding = 4; lastKnownFileType = sourcecode.swift; path = "UIImage+alpha.swift"; sourceTree = "<group>"; };
		3B7EDB0E1F40ADF900C1E030 /* UIImage+base64.swift */ = {isa = PBXFileReference; fileEncoding = 4; lastKnownFileType = sourcecode.swift; path = "UIImage+base64.swift"; sourceTree = "<group>"; };
		3B7EDB0F1F40ADF900C1E030 /* UISearchBar+fontAndColor.swift */ = {isa = PBXFileReference; fileEncoding = 4; lastKnownFileType = sourcecode.swift; path = "UISearchBar+fontAndColor.swift"; sourceTree = "<group>"; };
		3B7EDB101F40ADF900C1E030 /* UIStoryboard+extensions.swift */ = {isa = PBXFileReference; fileEncoding = 4; lastKnownFileType = sourcecode.swift; path = "UIStoryboard+extensions.swift"; sourceTree = "<group>"; };
		3B7EDB111F40ADF900C1E030 /* UIView+cornerRadius.swift */ = {isa = PBXFileReference; fileEncoding = 4; lastKnownFileType = sourcecode.swift; path = "UIView+cornerRadius.swift"; sourceTree = "<group>"; };
		3B7EDB131F40ADF900C1E030 /* UIView+anchors.swift */ = {isa = PBXFileReference; fileEncoding = 4; lastKnownFileType = sourcecode.swift; path = "UIView+anchors.swift"; sourceTree = "<group>"; };
		3B7EDB141F40ADF900C1E030 /* UIView+fadeInOut.swift */ = {isa = PBXFileReference; fileEncoding = 4; lastKnownFileType = sourcecode.swift; path = "UIView+fadeInOut.swift"; sourceTree = "<group>"; };
		3B7EDB151F40ADF900C1E030 /* UIView+fromNib.swift */ = {isa = PBXFileReference; fileEncoding = 4; lastKnownFileType = sourcecode.swift; path = "UIView+fromNib.swift"; sourceTree = "<group>"; };
		3B7EDB161F40ADF900C1E030 /* UIView+roundCorners.swift */ = {isa = PBXFileReference; fileEncoding = 4; lastKnownFileType = sourcecode.swift; path = "UIView+roundCorners.swift"; sourceTree = "<group>"; };
		3B7EDB281F40AF5800C1E030 /* LaunchScreen.storyboard */ = {isa = PBXFileReference; fileEncoding = 4; lastKnownFileType = file.storyboard; path = LaunchScreen.storyboard; sourceTree = "<group>"; };
		3B7EDB291F40AF5800C1E030 /* Main.storyboard */ = {isa = PBXFileReference; fileEncoding = 4; lastKnownFileType = file.storyboard; path = Main.storyboard; sourceTree = "<group>"; };
		3B7EDB2C1F40B06000C1E030 /* UIView+shake.swift */ = {isa = PBXFileReference; fileEncoding = 4; lastKnownFileType = sourcecode.swift; path = "UIView+shake.swift"; sourceTree = "<group>"; };
		3B7EDB301F40B0B000C1E030 /* UILabel+flexibleWidth.swift */ = {isa = PBXFileReference; fileEncoding = 4; lastKnownFileType = sourcecode.swift; path = "UILabel+flexibleWidth.swift"; sourceTree = "<group>"; };
		3B7EDB321F40B0CC00C1E030 /* String+isNilOrEmpty.swift */ = {isa = PBXFileReference; fileEncoding = 4; lastKnownFileType = sourcecode.swift; path = "String+isNilOrEmpty.swift"; sourceTree = "<group>"; };
		3B7EDB4A1F40B94200C1E030 /* Guides.Colors.swift */ = {isa = PBXFileReference; fileEncoding = 4; lastKnownFileType = sourcecode.swift; path = Guides.Colors.swift; sourceTree = "<group>"; };
		3B7EDB4B1F40B94200C1E030 /* Guides.swift */ = {isa = PBXFileReference; fileEncoding = 4; lastKnownFileType = sourcecode.swift; path = Guides.swift; sourceTree = "<group>"; };
		3B7EDB4D1F40B94200C1E030 /* Guides.Shadows.swift */ = {isa = PBXFileReference; fileEncoding = 4; lastKnownFileType = sourcecode.swift; path = Guides.Shadows.swift; sourceTree = "<group>"; };
		3B7EDB4F1F40B94200C1E030 /* Guides.TextStyles.swift */ = {isa = PBXFileReference; fileEncoding = 4; lastKnownFileType = sourcecode.swift; path = Guides.TextStyles.swift; sourceTree = "<group>"; };
		3B7EDB511F40B94200C1E030 /* Guides.Shadows.Tools.swift */ = {isa = PBXFileReference; fileEncoding = 4; lastKnownFileType = sourcecode.swift; path = Guides.Shadows.Tools.swift; sourceTree = "<group>"; };
		3B7EDB521F40B94200C1E030 /* Guides.TextStyles.Tools.swift */ = {isa = PBXFileReference; fileEncoding = 4; lastKnownFileType = sourcecode.swift; path = Guides.TextStyles.Tools.swift; sourceTree = "<group>"; };
		3B7EDB5E1F40DE0600C1E030 /* Guides.Fonts.swift */ = {isa = PBXFileReference; fileEncoding = 4; lastKnownFileType = sourcecode.swift; path = Guides.Fonts.swift; sourceTree = "<group>"; };
		509820DDF305EBAEAAAFF3C6 /* Pods-Gestalt.debug.xcconfig */ = {isa = PBXFileReference; includeInIndex = 1; lastKnownFileType = text.xcconfig; name = "Pods-Gestalt.debug.xcconfig"; path = "Pods/Target Support Files/Pods-Gestalt/Pods-Gestalt.debug.xcconfig"; sourceTree = "<group>"; };
		79CB998A8B86C3FD4DD0F9C1 /* Pods-Gestalt.release.xcconfig */ = {isa = PBXFileReference; includeInIndex = 1; lastKnownFileType = text.xcconfig; name = "Pods-Gestalt.release.xcconfig"; path = "Pods/Target Support Files/Pods-Gestalt/Pods-Gestalt.release.xcconfig"; sourceTree = "<group>"; };
		E06F7376B5E937BD0B142997 /* Pods_Gestalt.framework */ = {isa = PBXFileReference; explicitFileType = wrapper.framework; includeInIndex = 0; path = Pods_Gestalt.framework; sourceTree = BUILT_PRODUCTS_DIR; };
/* End PBXFileReference section */

/* Begin PBXFrameworksBuildPhase section */
		3B17BD101F379D4F00F109D6 /* Frameworks */ = {
			isa = PBXFrameworksBuildPhase;
			buildActionMask = 2147483647;
			files = (
				E995DD533684219EEA432F67 /* Pods_Gestalt.framework in Frameworks */,
			);
			runOnlyForDeploymentPostprocessing = 0;
		};
/* End PBXFrameworksBuildPhase section */

/* Begin PBXGroup section */
		3B17BD0A1F379D4F00F109D6 = {
			isa = PBXGroup;
			children = (
				3B7EDA091F3B7B7200C1E030 /* Gestalt. ToDo.txt */,
				3B17BD151F379D4F00F109D6 /* Gestalt */,
				3B17BD141F379D4F00F109D6 /* Products */,
				AB0F3FF0B17D1A32FBFC1A5F /* Pods */,
				F9C03D5D75726AF57BCF5380 /* Frameworks */,
			);
			sourceTree = "<group>";
		};
		3B17BD141F379D4F00F109D6 /* Products */ = {
			isa = PBXGroup;
			children = (
				3B17BD131F379D4F00F109D6 /* Gestalt.app */,
			);
			name = Products;
			sourceTree = "<group>";
		};
		3B17BD151F379D4F00F109D6 /* Gestalt */ = {
			isa = PBXGroup;
			children = (
				3B7EDAD31F40ADB500C1E030 /* Dependencies */,
				3B7EDAD01F40AD9D00C1E030 /* NavigationCoordinators */,
				3B7EDABA1F40AD5B00C1E030 /* ModelLayer */,
				3B7EDAD81F40ADDD00C1E030 /* UI */,
				3B7EDB041F40ADF900C1E030 /* SupportingClasses */,
				3B17BD1D1F379D4F00F109D6 /* Assets.xcassets */,
				3B17BD161F379D4F00F109D6 /* AppDelegate.swift */,
				3B7EDA071F3B72CF00C1E030 /* GoogleService-Info.plist */,
				3B17BD221F379D4F00F109D6 /* Info.plist */,
			);
			path = Gestalt;
			sourceTree = "<group>";
		};
		3B7EDABA1F40AD5B00C1E030 /* ModelLayer */ = {
			isa = PBXGroup;
			children = (
				3B7EDABB1F40AD5B00C1E030 /* Data */,
				3B7EDAC01F40AD5B00C1E030 /* DTOs */,
				3B7EDAC21F40AD5B00C1E030 /* ModelLayer.swift */,
				3B7EDAC31F40AD5B00C1E030 /* Network */,
				3B7EDAC51F40AD5B00C1E030 /* Translation */,
			);
			path = ModelLayer;
			sourceTree = "<group>";
		};
		3B7EDABB1F40AD5B00C1E030 /* Data */ = {
			isa = PBXGroup;
			children = (
				3B7EDABC1F40AD5B00C1E030 /* DataLayer.swift */,
				3B7EDABD1F40AD5B00C1E030 /* DataModel.xcdatamodeld */,
				3B7EDABF1F40AD5B00C1E030 /* Task+extensions.swift */,
			);
			path = Data;
			sourceTree = "<group>";
		};
		3B7EDAC01F40AD5B00C1E030 /* DTOs */ = {
			isa = PBXGroup;
			children = (
				3B7EDAC11F40AD5B00C1E030 /* TaskDTO.swift */,
			);
			path = DTOs;
			sourceTree = "<group>";
		};
		3B7EDAC31F40AD5B00C1E030 /* Network */ = {
			isa = PBXGroup;
			children = (
				3B7EDAC41F40AD5B00C1E030 /* NetworkLayer.swift */,
			);
			path = Network;
			sourceTree = "<group>";
		};
		3B7EDAC51F40AD5B00C1E030 /* Translation */ = {
			isa = PBXGroup;
			children = (
				3B7EDAC61F40AD5B00C1E030 /* TaskTranslator.swift */,
				3B7EDAC71F40AD5B00C1E030 /* TranslationLayer.swift */,
			);
			path = Translation;
			sourceTree = "<group>";
		};
		3B7EDAD01F40AD9D00C1E030 /* NavigationCoordinators */ = {
			isa = PBXGroup;
			children = (
				3B7EDAD11F40AD9D00C1E030 /* RootNavigationCoordinator.swift */,
			);
			path = NavigationCoordinators;
			sourceTree = "<group>";
		};
		3B7EDAD31F40ADB500C1E030 /* Dependencies */ = {
			isa = PBXGroup;
			children = (
				3B7EDAD41F40ADB500C1E030 /* DependencyRegistry.swift */,
				3B7EDAD51F40ADB500C1E030 /* SwinjectStoryboard+Extensions.swift */,
			);
			path = Dependencies;
			sourceTree = "<group>";
		};
		3B7EDAD81F40ADDD00C1E030 /* UI */ = {
			isa = PBXGroup;
			children = (
				3B7EDB281F40AF5800C1E030 /* LaunchScreen.storyboard */,
				3B7EDB291F40AF5800C1E030 /* Main.storyboard */,
				3B7EDB471F40B94200C1E030 /* Guides */,
				3B7EDADA1F40ADDD00C1E030 /* Views */,
			);
			path = UI;
			sourceTree = "<group>";
		};
		3B7EDADA1F40ADDD00C1E030 /* Views */ = {
			isa = PBXGroup;
			children = (
				3B7EDADB1F40ADDD00C1E030 /* Details */,
				3B7EDAEB1F40ADDD00C1E030 /* Feed */,
			);
			path = Views;
			sourceTree = "<group>";
		};
		3B7EDADB1F40ADDD00C1E030 /* Details */ = {
			isa = PBXGroup;
			children = (
				3B7EDADC1F40ADDD00C1E030 /* Body */,
				3B7EDAE21F40ADDD00C1E030 /* DetailViewController.swift */,
				3B7EDAE31F40ADDD00C1E030 /* DetailViewControllerPresenter.swift */,
				3B7EDAE41F40ADDD00C1E030 /* DetailViewControllerStub.swift */,
				3B7EDAE51F40ADDD00C1E030 /* Process */,
			);
			path = Details;
			sourceTree = "<group>";
		};
		3B7EDADC1F40ADDD00C1E030 /* Body */ = {
			isa = PBXGroup;
			children = (
				3B7EDADD1F40ADDD00C1E030 /* ActionTableViewCell.swift */,
				3B7EDADE1F40ADDD00C1E030 /* ActionTableViewCell.xib */,
				3B7EDADF1F40ADDD00C1E030 /* ActionTableViewCellPresenter.swift */,
				3B7EDAE01F40ADDD00C1E030 /* BodyTableViewController.swift */,
				3B7EDAE11F40ADDD00C1E030 /* BodyTableViewControllerPresenter.swift */,
			);
			path = Body;
			sourceTree = "<group>";
		};
		3B7EDAE51F40ADDD00C1E030 /* Process */ = {
			isa = PBXGroup;
			children = (
				3B7EDAE61F40ADDD00C1E030 /* ProcessCollectionViewController.swift */,
				3B7EDAE71F40ADDD00C1E030 /* ProcessCollectionViewControllerPresenter.swift */,
				3B7EDAE81F40ADDD00C1E030 /* StepCollectionViewCell.swift */,
				3B7EDAE91F40ADDD00C1E030 /* StepCollectionViewCell.xib */,
				3B7EDAEA1F40ADDD00C1E030 /* StepCollectionViewCellPresenter.swift */,
			);
			path = Process;
			sourceTree = "<group>";
		};
		3B7EDAEB1F40ADDD00C1E030 /* Feed */ = {
			isa = PBXGroup;
			children = (
				3B7EDAEC1F40ADDD00C1E030 /* Card */,
				3B7EDAF01F40ADDD00C1E030 /* FeedViewController.swift */,
				3B7EDAF11F40ADDD00C1E030 /* FeedViewControllerPresenter.swift */,
			);
			path = Feed;
			sourceTree = "<group>";
		};
		3B7EDAEC1F40ADDD00C1E030 /* Card */ = {
			isa = PBXGroup;
			children = (
				3B7EDAED1F40ADDD00C1E030 /* CardTableViewCell.swift */,
				3B7EDAEE1F40ADDD00C1E030 /* CardTableViewCell.xib */,
				3B7EDAEF1F40ADDD00C1E030 /* CardTableViewCellPresenter.swift */,
			);
			path = Card;
			sourceTree = "<group>";
		};
		3B7EDB041F40ADF900C1E030 /* SupportingClasses */ = {
			isa = PBXGroup;
			children = (
				3B7EDB2F1F40B0A800C1E030 /* Helpers */,
				3B7EDB051F40ADF900C1E030 /* General classes Extensions */,
			);
			path = SupportingClasses;
			sourceTree = "<group>";
		};
		3B7EDB051F40ADF900C1E030 /* General classes Extensions */ = {
			isa = PBXGroup;
			children = (
				3B7EDB061F40ADF900C1E030 /* CGFloat+degreeToRad.swift */,
				3B7EDB071F40ADF900C1E030 /* Date+userFriendly.swift */,
				3B7EDB091F40ADF900C1E030 /* String+maxElement.swift */,
				3B7EDB321F40B0CC00C1E030 /* String+isNilOrEmpty.swift */,
				3B7EDB0A1F40ADF900C1E030 /* String+wordList.swift */,
				3B7EDB0B1F40ADF900C1E030 /* UIColor+adjust.swift */,
				3B7EDB0C1F40ADF900C1E030 /* UIColor+appColors.swift */,
				3B7EDB0D1F40ADF900C1E030 /* UIImage+alpha.swift */,
				3B7EDB0E1F40ADF900C1E030 /* UIImage+base64.swift */,
				3B7EDB0F1F40ADF900C1E030 /* UISearchBar+fontAndColor.swift */,
				3B7EDB101F40ADF900C1E030 /* UIStoryboard+extensions.swift */,
				3B7EDB2C1F40B06000C1E030 /* UIView+shake.swift */,
				3B7EDB111F40ADF900C1E030 /* UIView+cornerRadius.swift */,
				3B7EDB131F40ADF900C1E030 /* UIView+anchors.swift */,
				3B7EDB141F40ADF900C1E030 /* UIView+fadeInOut.swift */,
				3B7EDB151F40ADF900C1E030 /* UIView+fromNib.swift */,
				3B7EDB161F40ADF900C1E030 /* UIView+roundCorners.swift */,
			);
			path = "General classes Extensions";
			sourceTree = "<group>";
		};
		3B7EDB2F1F40B0A800C1E030 /* Helpers */ = {
			isa = PBXGroup;
			children = (
				3B7EDB301F40B0B000C1E030 /* UILabel+flexibleWidth.swift */,
				3B7EDB081F40ADF900C1E030 /* DirectionalGradient.swift */,
			);
			path = Helpers;
			sourceTree = "<group>";
		};
		3B7EDB471F40B94200C1E030 /* Guides */ = {
			isa = PBXGroup;
			children = (
				3B7EDB4B1F40B94200C1E030 /* Guides.swift */,
				3B7EDB5D1F40DE0600C1E030 /* Fonts */,
				3B7EDB491F40B94200C1E030 /* Colors */,
				3B7EDB4C1F40B94200C1E030 /* Shadows */,
				3B7EDB4E1F40B94200C1E030 /* Text */,
				3B7EDB501F40B94200C1E030 /* Tools */,
			);
			path = Guides;
			sourceTree = "<group>";
		};
		3B7EDB491F40B94200C1E030 /* Colors */ = {
			isa = PBXGroup;
			children = (
				3B7EDB4A1F40B94200C1E030 /* Guides.Colors.swift */,
			);
			path = Colors;
			sourceTree = "<group>";
		};
		3B7EDB4C1F40B94200C1E030 /* Shadows */ = {
			isa = PBXGroup;
			children = (
				3B7EDB4D1F40B94200C1E030 /* Guides.Shadows.swift */,
			);
			path = Shadows;
			sourceTree = "<group>";
		};
		3B7EDB4E1F40B94200C1E030 /* Text */ = {
			isa = PBXGroup;
			children = (
				3B7EDB4F1F40B94200C1E030 /* Guides.TextStyles.swift */,
			);
			path = Text;
			sourceTree = "<group>";
		};
		3B7EDB501F40B94200C1E030 /* Tools */ = {
			isa = PBXGroup;
			children = (
				3B7EDB511F40B94200C1E030 /* Guides.Shadows.Tools.swift */,
				3B7EDB521F40B94200C1E030 /* Guides.TextStyles.Tools.swift */,
			);
			path = Tools;
			sourceTree = "<group>";
		};
		3B7EDB5D1F40DE0600C1E030 /* Fonts */ = {
			isa = PBXGroup;
			children = (
				3B7EDB5E1F40DE0600C1E030 /* Guides.Fonts.swift */,
			);
			path = Fonts;
			sourceTree = "<group>";
		};
		AB0F3FF0B17D1A32FBFC1A5F /* Pods */ = {
			isa = PBXGroup;
			children = (
				509820DDF305EBAEAAAFF3C6 /* Pods-Gestalt.debug.xcconfig */,
				79CB998A8B86C3FD4DD0F9C1 /* Pods-Gestalt.release.xcconfig */,
			);
			name = Pods;
			sourceTree = "<group>";
		};
		F9C03D5D75726AF57BCF5380 /* Frameworks */ = {
			isa = PBXGroup;
			children = (
				E06F7376B5E937BD0B142997 /* Pods_Gestalt.framework */,
			);
			name = Frameworks;
			sourceTree = "<group>";
		};
/* End PBXGroup section */

/* Begin PBXNativeTarget section */
		3B17BD121F379D4F00F109D6 /* Gestalt */ = {
			isa = PBXNativeTarget;
			buildConfigurationList = 3B17BD251F379D4F00F109D6 /* Build configuration list for PBXNativeTarget "Gestalt" */;
			buildPhases = (
				2071E10C0A8B6F693CA60C8F /* [CP] Check Pods Manifest.lock */,
				3B17BD0F1F379D4F00F109D6 /* Sources */,
				3B17BD101F379D4F00F109D6 /* Frameworks */,
				3B17BD111F379D4F00F109D6 /* Resources */,
				AD958D439E5E5F4749EB15EE /* [CP] Embed Pods Frameworks */,
				AFDE78B5555589B3DB3D20A3 /* [CP] Copy Pods Resources */,
				3B7EDA061F3A316300C1E030 /* ShellScript */,
			);
			buildRules = (
			);
			dependencies = (
			);
			name = Gestalt;
			productName = Gestalt;
			productReference = 3B17BD131F379D4F00F109D6 /* Gestalt.app */;
			productType = "com.apple.product-type.application";
		};
/* End PBXNativeTarget section */

/* Begin PBXProject section */
		3B17BD0B1F379D4F00F109D6 /* Project object */ = {
			isa = PBXProject;
			attributes = {
				LastSwiftUpdateCheck = 0830;
				LastUpgradeCheck = 0830;
				ORGANIZATIONNAME = "Alexey Chekanov";
				TargetAttributes = {
					3B17BD121F379D4F00F109D6 = {
						CreatedOnToolsVersion = 8.3;
						DevelopmentTeam = JH6R8SSABL;
						ProvisioningStyle = Automatic;
					};
				};
			};
			buildConfigurationList = 3B17BD0E1F379D4F00F109D6 /* Build configuration list for PBXProject "Gestalt" */;
			compatibilityVersion = "Xcode 3.2";
			developmentRegion = English;
			hasScannedForEncodings = 0;
			knownRegions = (
				en,
				Base,
			);
			mainGroup = 3B17BD0A1F379D4F00F109D6;
			productRefGroup = 3B17BD141F379D4F00F109D6 /* Products */;
			projectDirPath = "";
			projectRoot = "";
			targets = (
				3B17BD121F379D4F00F109D6 /* Gestalt */,
			);
		};
/* End PBXProject section */

/* Begin PBXResourcesBuildPhase section */
		3B17BD111F379D4F00F109D6 /* Resources */ = {
			isa = PBXResourcesBuildPhase;
			buildActionMask = 2147483647;
			files = (
				3B7EDB2B1F40AF5800C1E030 /* Main.storyboard in Resources */,
				3B7EDAFD1F40ADDD00C1E030 /* StepCollectionViewCell.xib in Resources */,
				3B7EDAF31F40ADDD00C1E030 /* ActionTableViewCell.xib in Resources */,
				3B17BD1E1F379D4F00F109D6 /* Assets.xcassets in Resources */,
				3B7EDB2A1F40AF5800C1E030 /* LaunchScreen.storyboard in Resources */,
				3B7EDB001F40ADDD00C1E030 /* CardTableViewCell.xib in Resources */,
				3B7EDA081F3B72CF00C1E030 /* GoogleService-Info.plist in Resources */,
			);
			runOnlyForDeploymentPostprocessing = 0;
		};
/* End PBXResourcesBuildPhase section */

/* Begin PBXShellScriptBuildPhase section */
		2071E10C0A8B6F693CA60C8F /* [CP] Check Pods Manifest.lock */ = {
			isa = PBXShellScriptBuildPhase;
			buildActionMask = 2147483647;
			files = (
			);
			inputPaths = (
			);
			name = "[CP] Check Pods Manifest.lock";
			outputPaths = (
			);
			runOnlyForDeploymentPostprocessing = 0;
			shellPath = /bin/sh;
			shellScript = "diff \"${PODS_ROOT}/../Podfile.lock\" \"${PODS_ROOT}/Manifest.lock\" > /dev/null\nif [ $? != 0 ] ; then\n    # print error to STDERR\n    echo \"error: The sandbox is not in sync with the Podfile.lock. Run 'pod install' or update your CocoaPods installation.\" >&2\n    exit 1\nfi\n";
			showEnvVarsInLog = 0;
		};
		3B7EDA061F3A316300C1E030 /* ShellScript */ = {
			isa = PBXShellScriptBuildPhase;
			buildActionMask = 2147483647;
			files = (
			);
			inputPaths = (
			);
			outputPaths = (
			);
			runOnlyForDeploymentPostprocessing = 0;
			shellPath = /bin/sh;
			shellScript = "# Replace this with the GOOGLE_APP_ID from your GoogleService-Info.plist file\nGOOGLE_APP_ID=1:522059333766:ios:b58d4fa4a7dbdf54\n\n# Replace the /Path/To/ServiceAccount.json with the path to the key you just downloaded\n\"${PODS_ROOT}\"/FirebaseCrash/upload-sym \"gestalt-5ac7f-firebase-crashreporting-awhw1-9baa8c8ef3.json\"";
		};
		AD958D439E5E5F4749EB15EE /* [CP] Embed Pods Frameworks */ = {
			isa = PBXShellScriptBuildPhase;
			buildActionMask = 2147483647;
			files = (
			);
			inputPaths = (
			);
			name = "[CP] Embed Pods Frameworks";
			outputPaths = (
			);
			runOnlyForDeploymentPostprocessing = 0;
			shellPath = /bin/sh;
			shellScript = "\"${SRCROOT}/Pods/Target Support Files/Pods-Gestalt/Pods-Gestalt-frameworks.sh\"\n";
			showEnvVarsInLog = 0;
		};
		AFDE78B5555589B3DB3D20A3 /* [CP] Copy Pods Resources */ = {
			isa = PBXShellScriptBuildPhase;
			buildActionMask = 2147483647;
			files = (
			);
			inputPaths = (
			);
			name = "[CP] Copy Pods Resources";
			outputPaths = (
			);
			runOnlyForDeploymentPostprocessing = 0;
			shellPath = /bin/sh;
			shellScript = "\"${SRCROOT}/Pods/Target Support Files/Pods-Gestalt/Pods-Gestalt-resources.sh\"\n";
			showEnvVarsInLog = 0;
		};
/* End PBXShellScriptBuildPhase section */

/* Begin PBXSourcesBuildPhase section */
		3B17BD0F1F379D4F00F109D6 /* Sources */ = {
			isa = PBXSourcesBuildPhase;
			buildActionMask = 2147483647;
			files = (
				3B7EDB5F1F40DE0600C1E030 /* Guides.Fonts.swift in Sources */,
				3B7EDACC1F40AD5B00C1E030 /* ModelLayer.swift in Sources */,
				3B7EDACD1F40AD5B00C1E030 /* NetworkLayer.swift in Sources */,
				3B7EDB171F40ADF900C1E030 /* CGFloat+degreeToRad.swift in Sources */,
				3B7EDB181F40ADF900C1E030 /* Date+userFriendly.swift in Sources */,
				3B7EDB581F40B94200C1E030 /* Guides.Shadows.Tools.swift in Sources */,
				3B7EDB011F40ADDD00C1E030 /* CardTableViewCellPresenter.swift in Sources */,
				3B7EDAC91F40AD5B00C1E030 /* DataModel.xcdatamodeld in Sources */,
				3B7EDB591F40B94200C1E030 /* Guides.TextStyles.Tools.swift in Sources */,
				3B7EDB1C1F40ADF900C1E030 /* UIColor+adjust.swift in Sources */,
				3B7EDACE1F40AD5B00C1E030 /* TaskTranslator.swift in Sources */,
				3B7EDB551F40B94200C1E030 /* Guides.swift in Sources */,
				3B7EDB031F40ADDD00C1E030 /* FeedViewControllerPresenter.swift in Sources */,
				3B7EDB311F40B0B000C1E030 /* UILabel+flexibleWidth.swift in Sources */,
				3B7EDAD71F40ADB500C1E030 /* SwinjectStoryboard+Extensions.swift in Sources */,
				3B7EDB211F40ADF900C1E030 /* UIStoryboard+extensions.swift in Sources */,
				3B7EDAF41F40ADDD00C1E030 /* ActionTableViewCellPresenter.swift in Sources */,
				3B7EDB1E1F40ADF900C1E030 /* UIImage+alpha.swift in Sources */,
				3B7EDAF61F40ADDD00C1E030 /* BodyTableViewControllerPresenter.swift in Sources */,
				3B7EDB241F40ADF900C1E030 /* UIView+anchors.swift in Sources */,
				3B7EDB261F40ADF900C1E030 /* UIView+fromNib.swift in Sources */,
				3B7EDB561F40B94200C1E030 /* Guides.Shadows.swift in Sources */,
				3B7EDB021F40ADDD00C1E030 /* FeedViewController.swift in Sources */,
				3B7EDAFB1F40ADDD00C1E030 /* ProcessCollectionViewControllerPresenter.swift in Sources */,
				3B7EDAD61F40ADB500C1E030 /* DependencyRegistry.swift in Sources */,
				3B7EDAF71F40ADDD00C1E030 /* DetailViewController.swift in Sources */,
				3B7EDACB1F40AD5B00C1E030 /* TaskDTO.swift in Sources */,
				3B7EDAF81F40ADDD00C1E030 /* DetailViewControllerPresenter.swift in Sources */,
				3B7EDB2D1F40B06000C1E030 /* UIView+shake.swift in Sources */,
				3B17BD171F379D4F00F109D6 /* AppDelegate.swift in Sources */,
				3B7EDAFA1F40ADDD00C1E030 /* ProcessCollectionViewController.swift in Sources */,
				3B7EDAF51F40ADDD00C1E030 /* BodyTableViewController.swift in Sources */,
				3B7EDAFC1F40ADDD00C1E030 /* StepCollectionViewCell.swift in Sources */,
				3B7EDAF91F40ADDD00C1E030 /* DetailViewControllerStub.swift in Sources */,
				3B7EDAD21F40AD9D00C1E030 /* RootNavigationCoordinator.swift in Sources */,
				3B7EDB201F40ADF900C1E030 /* UISearchBar+fontAndColor.swift in Sources */,
				3B7EDB1D1F40ADF900C1E030 /* UIColor+appColors.swift in Sources */,
				3B7EDAC81F40AD5B00C1E030 /* DataLayer.swift in Sources */,
				3B7EDB251F40ADF900C1E030 /* UIView+fadeInOut.swift in Sources */,
				3B7EDB1F1F40ADF900C1E030 /* UIImage+base64.swift in Sources */,
				3B7EDB331F40B0CC00C1E030 /* String+isNilOrEmpty.swift in Sources */,
				3B7EDB1A1F40ADF900C1E030 /* String+maxElement.swift in Sources */,
				3B7EDAFE1F40ADDD00C1E030 /* StepCollectionViewCellPresenter.swift in Sources */,
				3B7EDAF21F40ADDD00C1E030 /* ActionTableViewCell.swift in Sources */,
				3B7EDB1B1F40ADF900C1E030 /* String+wordList.swift in Sources */,
				3B7EDB271F40ADF900C1E030 /* UIView+roundCorners.swift in Sources */,
				3B7EDB221F40ADF900C1E030 /* UIView+cornerRadius.swift in Sources */,
				3B7EDB571F40B94200C1E030 /* Guides.TextStyles.swift in Sources */,
				3B7EDACF1F40AD5B00C1E030 /* TranslationLayer.swift in Sources */,
				3B7EDB191F40ADF900C1E030 /* DirectionalGradient.swift in Sources */,
				3B7EDACA1F40AD5B00C1E030 /* Task+extensions.swift in Sources */,
				3B7EDB541F40B94200C1E030 /* Guides.Colors.swift in Sources */,
				3B7EDAFF1F40ADDD00C1E030 /* CardTableViewCell.swift in Sources */,
			);
			runOnlyForDeploymentPostprocessing = 0;
		};
/* End PBXSourcesBuildPhase section */

/* Begin XCBuildConfiguration section */
		3B17BD231F379D4F00F109D6 /* Debug */ = {
			isa = XCBuildConfiguration;
			buildSettings = {
				ALWAYS_SEARCH_USER_PATHS = NO;
				CLANG_ANALYZER_NONNULL = YES;
				CLANG_ANALYZER_NUMBER_OBJECT_CONVERSION = YES_AGGRESSIVE;
				CLANG_CXX_LANGUAGE_STANDARD = "gnu++0x";
				CLANG_CXX_LIBRARY = "libc++";
				CLANG_ENABLE_MODULES = YES;
				CLANG_ENABLE_OBJC_ARC = YES;
				CLANG_WARN_BOOL_CONVERSION = YES;
				CLANG_WARN_CONSTANT_CONVERSION = YES;
				CLANG_WARN_DIRECT_OBJC_ISA_USAGE = YES_ERROR;
				CLANG_WARN_DOCUMENTATION_COMMENTS = YES;
				CLANG_WARN_EMPTY_BODY = YES;
				CLANG_WARN_ENUM_CONVERSION = YES;
				CLANG_WARN_INFINITE_RECURSION = YES;
				CLANG_WARN_INT_CONVERSION = YES;
				CLANG_WARN_OBJC_ROOT_CLASS = YES_ERROR;
				CLANG_WARN_SUSPICIOUS_MOVE = YES;
				CLANG_WARN_UNREACHABLE_CODE = YES;
				CLANG_WARN__DUPLICATE_METHOD_MATCH = YES;
				"CODE_SIGN_IDENTITY[sdk=iphoneos*]" = "iPhone Developer";
				COPY_PHASE_STRIP = NO;
				DEBUG_INFORMATION_FORMAT = dwarf;
				ENABLE_STRICT_OBJC_MSGSEND = YES;
				ENABLE_TESTABILITY = YES;
				GCC_C_LANGUAGE_STANDARD = gnu99;
				GCC_DYNAMIC_NO_PIC = NO;
				GCC_NO_COMMON_BLOCKS = YES;
				GCC_OPTIMIZATION_LEVEL = 0;
				GCC_PREPROCESSOR_DEFINITIONS = (
					"DEBUG=1",
					"$(inherited)",
				);
				GCC_WARN_64_TO_32_BIT_CONVERSION = YES;
				GCC_WARN_ABOUT_RETURN_TYPE = YES_ERROR;
				GCC_WARN_UNDECLARED_SELECTOR = YES;
				GCC_WARN_UNINITIALIZED_AUTOS = YES_AGGRESSIVE;
				GCC_WARN_UNUSED_FUNCTION = YES;
				GCC_WARN_UNUSED_VARIABLE = YES;
				IPHONEOS_DEPLOYMENT_TARGET = 10.3;
				MTL_ENABLE_DEBUG_INFO = YES;
				ONLY_ACTIVE_ARCH = YES;
				SDKROOT = iphoneos;
				SWIFT_ACTIVE_COMPILATION_CONDITIONS = DEBUG;
				SWIFT_OPTIMIZATION_LEVEL = "-Onone";
			};
			name = Debug;
		};
		3B17BD241F379D4F00F109D6 /* Release */ = {
			isa = XCBuildConfiguration;
			buildSettings = {
				ALWAYS_SEARCH_USER_PATHS = NO;
				CLANG_ANALYZER_NONNULL = YES;
				CLANG_ANALYZER_NUMBER_OBJECT_CONVERSION = YES_AGGRESSIVE;
				CLANG_CXX_LANGUAGE_STANDARD = "gnu++0x";
				CLANG_CXX_LIBRARY = "libc++";
				CLANG_ENABLE_MODULES = YES;
				CLANG_ENABLE_OBJC_ARC = YES;
				CLANG_WARN_BOOL_CONVERSION = YES;
				CLANG_WARN_CONSTANT_CONVERSION = YES;
				CLANG_WARN_DIRECT_OBJC_ISA_USAGE = YES_ERROR;
				CLANG_WARN_DOCUMENTATION_COMMENTS = YES;
				CLANG_WARN_EMPTY_BODY = YES;
				CLANG_WARN_ENUM_CONVERSION = YES;
				CLANG_WARN_INFINITE_RECURSION = YES;
				CLANG_WARN_INT_CONVERSION = YES;
				CLANG_WARN_OBJC_ROOT_CLASS = YES_ERROR;
				CLANG_WARN_SUSPICIOUS_MOVE = YES;
				CLANG_WARN_UNREACHABLE_CODE = YES;
				CLANG_WARN__DUPLICATE_METHOD_MATCH = YES;
				"CODE_SIGN_IDENTITY[sdk=iphoneos*]" = "iPhone Developer";
				COPY_PHASE_STRIP = NO;
				DEBUG_INFORMATION_FORMAT = "dwarf-with-dsym";
				ENABLE_NS_ASSERTIONS = NO;
				ENABLE_STRICT_OBJC_MSGSEND = YES;
				GCC_C_LANGUAGE_STANDARD = gnu99;
				GCC_NO_COMMON_BLOCKS = YES;
				GCC_WARN_64_TO_32_BIT_CONVERSION = YES;
				GCC_WARN_ABOUT_RETURN_TYPE = YES_ERROR;
				GCC_WARN_UNDECLARED_SELECTOR = YES;
				GCC_WARN_UNINITIALIZED_AUTOS = YES_AGGRESSIVE;
				GCC_WARN_UNUSED_FUNCTION = YES;
				GCC_WARN_UNUSED_VARIABLE = YES;
				IPHONEOS_DEPLOYMENT_TARGET = 10.3;
				MTL_ENABLE_DEBUG_INFO = NO;
				SDKROOT = iphoneos;
				SWIFT_OPTIMIZATION_LEVEL = "-Owholemodule";
				VALIDATE_PRODUCT = YES;
			};
			name = Release;
		};
		3B17BD261F379D4F00F109D6 /* Debug */ = {
			isa = XCBuildConfiguration;
			baseConfigurationReference = 509820DDF305EBAEAAAFF3C6 /* Pods-Gestalt.debug.xcconfig */;
			buildSettings = {
				ASSETCATALOG_COMPILER_APPICON_NAME = AppIcon;
				DEVELOPMENT_TEAM = JH6R8SSABL;
				INFOPLIST_FILE = Gestalt/Info.plist;
				LD_RUNPATH_SEARCH_PATHS = "$(inherited) @executable_path/Frameworks";
				PRODUCT_BUNDLE_IDENTIFIER = com.Gestalt;
				PRODUCT_NAME = "$(TARGET_NAME)";
				SWIFT_VERSION = 3.0;
				TARGETED_DEVICE_FAMILY = "1,2";
			};
			name = Debug;
		};
		3B17BD271F379D4F00F109D6 /* Release */ = {
			isa = XCBuildConfiguration;
			baseConfigurationReference = 79CB998A8B86C3FD4DD0F9C1 /* Pods-Gestalt.release.xcconfig */;
			buildSettings = {
				ASSETCATALOG_COMPILER_APPICON_NAME = AppIcon;
				DEVELOPMENT_TEAM = JH6R8SSABL;
				INFOPLIST_FILE = Gestalt/Info.plist;
				LD_RUNPATH_SEARCH_PATHS = "$(inherited) @executable_path/Frameworks";
				PRODUCT_BUNDLE_IDENTIFIER = com.Gestalt;
				PRODUCT_NAME = "$(TARGET_NAME)";
				SWIFT_VERSION = 3.0;
				TARGETED_DEVICE_FAMILY = "1,2";
			};
			name = Release;
		};
/* End XCBuildConfiguration section */

/* Begin XCConfigurationList section */
		3B17BD0E1F379D4F00F109D6 /* Build configuration list for PBXProject "Gestalt" */ = {
			isa = XCConfigurationList;
			buildConfigurations = (
				3B17BD231F379D4F00F109D6 /* Debug */,
				3B17BD241F379D4F00F109D6 /* Release */,
			);
			defaultConfigurationIsVisible = 0;
			defaultConfigurationName = Release;
		};
		3B17BD251F379D4F00F109D6 /* Build configuration list for PBXNativeTarget "Gestalt" */ = {
			isa = XCConfigurationList;
			buildConfigurations = (
				3B17BD261F379D4F00F109D6 /* Debug */,
				3B17BD271F379D4F00F109D6 /* Release */,
			);
			defaultConfigurationIsVisible = 0;
			defaultConfigurationName = Release;
		};
/* End XCConfigurationList section */

/* Begin XCVersionGroup section */
		3B7EDABD1F40AD5B00C1E030 /* DataModel.xcdatamodeld */ = {
			isa = XCVersionGroup;
			children = (
				3B7EDABE1F40AD5B00C1E030 /* DataModel.xcdatamodel */,
			);
			currentVersion = 3B7EDABE1F40AD5B00C1E030 /* DataModel.xcdatamodel */;
			path = DataModel.xcdatamodeld;
			sourceTree = "<group>";
			versionGroupType = wrapper.xcdatamodel;
		};
/* End XCVersionGroup section */
	};
	rootObject = 3B17BD0B1F379D4F00F109D6 /* Project object */;
}
